dependencies:
- name: globex-store-app
  repository: file://globex-store-app
  version: 0.1.0
- name: globex-db
  repository: file://globex-db
  version: 0.1.0
- name: globex-web
  repository: file://globex-web
  version: 0.1.0
- name: recommendation-engine
  repository: file://recommendation-engine
  version: 0.1.0
- name: activity-tracking
  repository: file://activity-tracking
  version: 0.1.0
- name: activity-tracking-simulator
  repository: file://activity-tracking-simulator
  version: 0.1.0
- name: order-simulator
  repository: file://order-simulator
  version: 0.1.0
- name: kafka-broker
  repository: file://globex-mw/kafka-broker
  version: 0.1.0
- name: kafka-topics
  repository: file://globex-mw/kafka-topics
  version: 0.1.0
- name: order-service
  repository: file://order-service
  version: 0.1.0
- name: customer-service
  repository: file://customer-service
  version: 0.1.0
digest: sha256:8eb2ecc173efd9ee2f9dd62f0d625bcd87373e859f0c1a8fb3465f22a1dea827
generated: "2024-12-05T16:32:55.469607984-05:00"
