dependencies:
- name: globex-store-app
  repository: file://globex-store-app
  version: 0.1.0
- name: globex-db
  repository: file://globex-db
  version: 0.1.0
- name: globex-web
  repository: file://globex-web
  version: 0.1.0
- name: recommendation-engine
  repository: file://recommendation-engine
  version: 0.1.0
- name: activity-tracking
  repository: file://activity-tracking
  version: 0.1.0
- name: activity-tracking-simulator
  repository: file://activity-tracking-simulator
  version: 0.1.0
- name: order-simulator
  repository: file://order-simulator
  version: 0.1.0
- name: kafka-broker
  repository: file://globex-mw/kafka-broker
  version: 0.1.0
- name: kafka-topics
  repository: file://globex-mw/kafka-topics
  version: 0.1.0
- name: order-service
  repository: file://order-service
  version: 0.1.0
- name: customer-service
  repository: file://customer-service
  version: 0.1.0
- name: order-db
  repository: file://order-db
  version: 0.1.0
digest: sha256:780351e68e60875115a67844ec8e82da9c08934eafa4aeebdeb97230aa07e16e
generated: "2024-12-05T16:50:58.193697885-05:00"
